
Microsoft Visual Studio Solution File, Format Version 12.00
# Visual Studio Version 17
VisualStudioVersion = 17.7.34018.315
MinimumVisualStudioVersion = 10.0.40219.1
Project("{9A19103F-16F7-4668-BE54-9A1E7A4F7556}") = "IPXRelayDotNet", "IPXRelay\IPXRelayDotNet.csproj", "{F958BBD9-7AC8-4697-9FE0-E946ED08239B}"
EndProject
Project("{9A19103F-16F7-4668-BE54-9A1E7A4F7556}") = "IPXRelay.Server", "IPXRelay.Server\IPXRelay.Server.csproj", "{81CC277A-0728-44B7-A882-9EA127A64990}"
EndProject
Global
	GlobalSection(SolutionConfigurationPlatforms) = preSolution
		Debug|Any CPU = Debug|Any CPU
		Release|Any CPU = Release|Any CPU
	EndGlobalSection
	GlobalSection(ProjectConfigurationPlatforms) = postSolution
		{F958BBD9-7AC8-4697-9FE0-E946ED08239B}.Debug|Any CPU.ActiveCfg = Debug|Any CPU
		{F958BBD9-7AC8-4697-9FE0-E946ED08239B}.Debug|Any CPU.Build.0 = Debug|Any CPU
		{F958BBD9-7AC8-4697-9FE0-E946ED08239B}.Release|Any CPU.ActiveCfg = Release|Any CPU
		{F958BBD9-7AC8-4697-9FE0-E946ED08239B}.Release|Any CPU.Build.0 = Release|Any CPU
		{81CC277A-0728-44B7-A882-9EA127A64990}.Debug|Any CPU.ActiveCfg = Debug|Any CPU
		{81CC277A-0728-44B7-A882-9EA127A64990}.Debug|Any CPU.Build.0 = Debug|Any CPU
		{81CC277A-0728-44B7-A882-9EA127A64990}.Release|Any CPU.ActiveCfg = Release|Any CPU
		{81CC277A-0728-44B7-A882-9EA127A64990}.Release|Any CPU.Build.0 = Release|Any CPU
	EndGlobalSection
	GlobalSection(SolutionProperties) = preSolution
		HideSolutionNode = FALSE
	EndGlobalSection
	GlobalSection(ExtensibilityGlobals) = postSolution
		SolutionGuid = {3C0E2F5A-5539-4FBF-B701-B2BEB2B2DB8B}
	EndGlobalSection
EndGlobal
